
Microsoft Visual Studio Solution File, Format Version 11.00
# Visual Studio 2010
Project("{FAE04EC0-301F-11D3-BF4B-00C04F79EFBC}") = "CEED with Robots", "Assembly-CSharp.csproj", "{CE7D574D-68E2-6F04-F11F-FA5F3302A03D}"
EndProject
Global
	GlobalSection(SolutionConfigurationPlatforms) = preSolution
		Debug|Any CPU = Debug|Any CPU
		Release|Any CPU = Release|Any CPU
	EndGlobalSection
	GlobalSection(ProjectConfigurationPlatforms) = postSolution
		{CE7D574D-68E2-6F04-F11F-FA5F3302A03D}.Debug|Any CPU.ActiveCfg = Debug|Any CPU
		{CE7D574D-68E2-6F04-F11F-FA5F3302A03D}.Debug|Any CPU.Build.0 = Debug|Any CPU
		{CE7D574D-68E2-6F04-F11F-FA5F3302A03D}.Release|Any CPU.ActiveCfg = Release|Any CPU
		{CE7D574D-68E2-6F04-F11F-FA5F3302A03D}.Release|Any CPU.Build.0 = Release|Any CPU
	EndGlobalSection
	GlobalSection(SolutionProperties) = preSolution
		HideSolutionNode = FALSE
	EndGlobalSection
	GlobalSection(MonoDevelopProperties) = preSolution
		StartupItem = Assembly-CSharp.csproj
	EndGlobalSection
EndGlobal
